
Microsoft Visual Studio Solution File, Format Version 12.00
# Visual Studio Version 17
VisualStudioVersion = 17.1.32421.90
MinimumVisualStudioVersion = 10.0.40219.1
Project("{2150E333-8FDC-42A3-9474-1A3956D46DE8}") = "src", "src", "{4CC28421-713A-4F61-BD28-42C0A327083F}"
EndProject
Project("{2150E333-8FDC-42A3-9474-1A3956D46DE8}") = "1 - Nucleos.API", "1 - Nucleos.API", "{CEB62566-28CB-489F-8CE1-D1E8F45A6F51}"
EndProject
Project("{2150E333-8FDC-42A3-9474-1A3956D46DE8}") = "2 - Nucleos.Domain", "2 - Nucleos.Domain", "{D48C694F-6143-4FD5-88FC-F371D356B21E}"
EndProject
Project("{2150E333-8FDC-42A3-9474-1A3956D46DE8}") = "4 - Nucleos.Infra", "4 - Nucleos.Infra", "{C5301304-F6AA-47FA-92AF-4F31EA349AEC}"
EndProject
Project("{FAE04EC0-301F-11D3-BF4B-00C04F79EFBC}") = "Nucleos.Domain", "src\Nucleos.Domain\Nucleos.Domain.csproj", "{401ABF13-FF6A-4B09-A09B-F654A9A30E0A}"
EndProject
Project("{FAE04EC0-301F-11D3-BF4B-00C04F79EFBC}") = "Nucleos.Infrastructure", "src\Nucleos.Infrastructure\Nucleos.Infrastructure.csproj", "{FD3606E0-A1AD-4891-B218-E384D76023EE}"
EndProject
Project("{2150E333-8FDC-42A3-9474-1A3956D46DE8}") = "3 - Nucleos.Services", "3 - Nucleos.Services", "{F50708AF-CA51-4B84-A524-3ADCE3146B73}"
EndProject
Project("{FAE04EC0-301F-11D3-BF4B-00C04F79EFBC}") = "Nucleos.Services", "src\Nucleos.Services\Nucleos.Services.csproj", "{73EFEBEE-9E93-49AE-B64D-CCBAF314AEE7}"
EndProject
Project("{2150E333-8FDC-42A3-9474-1A3956D46DE8}") = "5 - Nucleos.Core", "5 - Nucleos.Core", "{A2306E5A-9EBF-445D-880E-252114FBDC2F}"
EndProject
Project("{FAE04EC0-301F-11D3-BF4B-00C04F79EFBC}") = "Nucleos.Core", "src\Nucleos.Core\Nucleos.Core.csproj", "{B4AB180D-97E9-4A2E-967E-60B226B55925}"
EndProject
Project("{FAE04EC0-301F-11D3-BF4B-00C04F79EFBC}") = "Nucleos.API", "src\Nucleos.API\Nucleos.API.csproj", "{EA60892E-3300-4CAA-AB9A-050566636BFD}"
EndProject
Global
	GlobalSection(SolutionConfigurationPlatforms) = preSolution
		Debug|Any CPU = Debug|Any CPU
		Release|Any CPU = Release|Any CPU
	EndGlobalSection
	GlobalSection(ProjectConfigurationPlatforms) = postSolution
		{401ABF13-FF6A-4B09-A09B-F654A9A30E0A}.Debug|Any CPU.ActiveCfg = Debug|Any CPU
		{401ABF13-FF6A-4B09-A09B-F654A9A30E0A}.Debug|Any CPU.Build.0 = Debug|Any CPU
		{401ABF13-FF6A-4B09-A09B-F654A9A30E0A}.Release|Any CPU.ActiveCfg = Release|Any CPU
		{401ABF13-FF6A-4B09-A09B-F654A9A30E0A}.Release|Any CPU.Build.0 = Release|Any CPU
		{FD3606E0-A1AD-4891-B218-E384D76023EE}.Debug|Any CPU.ActiveCfg = Debug|Any CPU
		{FD3606E0-A1AD-4891-B218-E384D76023EE}.Debug|Any CPU.Build.0 = Debug|Any CPU
		{FD3606E0-A1AD-4891-B218-E384D76023EE}.Release|Any CPU.ActiveCfg = Release|Any CPU
		{FD3606E0-A1AD-4891-B218-E384D76023EE}.Release|Any CPU.Build.0 = Release|Any CPU
		{73EFEBEE-9E93-49AE-B64D-CCBAF314AEE7}.Debug|Any CPU.ActiveCfg = Debug|Any CPU
		{73EFEBEE-9E93-49AE-B64D-CCBAF314AEE7}.Debug|Any CPU.Build.0 = Debug|Any CPU
		{73EFEBEE-9E93-49AE-B64D-CCBAF314AEE7}.Release|Any CPU.ActiveCfg = Release|Any CPU
		{73EFEBEE-9E93-49AE-B64D-CCBAF314AEE7}.Release|Any CPU.Build.0 = Release|Any CPU
		{B4AB180D-97E9-4A2E-967E-60B226B55925}.Debug|Any CPU.ActiveCfg = Debug|Any CPU
		{B4AB180D-97E9-4A2E-967E-60B226B55925}.Debug|Any CPU.Build.0 = Debug|Any CPU
		{B4AB180D-97E9-4A2E-967E-60B226B55925}.Release|Any CPU.ActiveCfg = Release|Any CPU
		{B4AB180D-97E9-4A2E-967E-60B226B55925}.Release|Any CPU.Build.0 = Release|Any CPU
		{EA60892E-3300-4CAA-AB9A-050566636BFD}.Debug|Any CPU.ActiveCfg = Debug|Any CPU
		{EA60892E-3300-4CAA-AB9A-050566636BFD}.Debug|Any CPU.Build.0 = Debug|Any CPU
		{EA60892E-3300-4CAA-AB9A-050566636BFD}.Release|Any CPU.ActiveCfg = Release|Any CPU
		{EA60892E-3300-4CAA-AB9A-050566636BFD}.Release|Any CPU.Build.0 = Release|Any CPU
	EndGlobalSection
	GlobalSection(SolutionProperties) = preSolution
		HideSolutionNode = FALSE
	EndGlobalSection
	GlobalSection(NestedProjects) = preSolution
		{CEB62566-28CB-489F-8CE1-D1E8F45A6F51} = {4CC28421-713A-4F61-BD28-42C0A327083F}
		{D48C694F-6143-4FD5-88FC-F371D356B21E} = {4CC28421-713A-4F61-BD28-42C0A327083F}
		{C5301304-F6AA-47FA-92AF-4F31EA349AEC} = {4CC28421-713A-4F61-BD28-42C0A327083F}
		{401ABF13-FF6A-4B09-A09B-F654A9A30E0A} = {D48C694F-6143-4FD5-88FC-F371D356B21E}
		{FD3606E0-A1AD-4891-B218-E384D76023EE} = {C5301304-F6AA-47FA-92AF-4F31EA349AEC}
		{F50708AF-CA51-4B84-A524-3ADCE3146B73} = {4CC28421-713A-4F61-BD28-42C0A327083F}
		{73EFEBEE-9E93-49AE-B64D-CCBAF314AEE7} = {F50708AF-CA51-4B84-A524-3ADCE3146B73}
		{A2306E5A-9EBF-445D-880E-252114FBDC2F} = {4CC28421-713A-4F61-BD28-42C0A327083F}
		{B4AB180D-97E9-4A2E-967E-60B226B55925} = {A2306E5A-9EBF-445D-880E-252114FBDC2F}
		{EA60892E-3300-4CAA-AB9A-050566636BFD} = {CEB62566-28CB-489F-8CE1-D1E8F45A6F51}
	EndGlobalSection
	GlobalSection(ExtensibilityGlobals) = postSolution
		SolutionGuid = {01EBDB3A-3A66-4DA3-AD14-0B7BA560228E}
	EndGlobalSection
EndGlobal
