
Microsoft Visual Studio Solution File, Format Version 12.00
# Visual Studio Version 17
VisualStudioVersion = 17.1.32421.90
MinimumVisualStudioVersion = 10.0.40219.1
Project("{2150E333-8FDC-42A3-9474-1A3956D46DE8}") = "src", "src", "{4CC28421-713A-4F61-BD28-42C0A327083F}"
EndProject
Project("{2150E333-8FDC-42A3-9474-1A3956D46DE8}") = "Nucleos.API", "Nucleos.API", "{CEB62566-28CB-489F-8CE1-D1E8F45A6F51}"
EndProject
Project("{2150E333-8FDC-42A3-9474-1A3956D46DE8}") = "Nucleos.Application", "Nucleos.Application", "{C3AE97F2-4891-451A-AD11-46033EE9CA22}"
EndProject
Project("{2150E333-8FDC-42A3-9474-1A3956D46DE8}") = "Nucleos.Domain", "Nucleos.Domain", "{D48C694F-6143-4FD5-88FC-F371D356B21E}"
EndProject
Project("{2150E333-8FDC-42A3-9474-1A3956D46DE8}") = "Nucleos.Infrastructure", "Nucleos.Infrastructure", "{C5301304-F6AA-47FA-92AF-4F31EA349AEC}"
EndProject
Project("{FAE04EC0-301F-11D3-BF4B-00C04F79EFBC}") = "Nucleos.Domain", "src\Nucleos.Domain\Nucleos.Domain.csproj", "{401ABF13-FF6A-4B09-A09B-F654A9A30E0A}"
EndProject
Project("{FAE04EC0-301F-11D3-BF4B-00C04F79EFBC}") = "Nucleos.API", "src\Nucleos.API\Nucleos.API.csproj", "{C0B6B4A9-298E-40DA-ACD6-611083769C56}"
EndProject
Project("{FAE04EC0-301F-11D3-BF4B-00C04F79EFBC}") = "Nucleos.Application", "src\Nucleos.Application\Nucleos.Application.csproj", "{A859B094-06BB-4B09-85BD-3E19864A8FC1}"
EndProject
Project("{2150E333-8FDC-42A3-9474-1A3956D46DE8}") = "DTOs", "DTOs", "{CA46AE80-F45A-4DB4-96EE-92140B2A9C42}"
EndProject
Project("{2150E333-8FDC-42A3-9474-1A3956D46DE8}") = "Helpers", "Helpers", "{48BAB519-C0EE-4EE3-B41E-87F07563DF3A}"
EndProject
Project("{2150E333-8FDC-42A3-9474-1A3956D46DE8}") = "Repositories", "Repositories", "{FFCF346F-BBA8-4EF0-A4B4-53F4C43CA81C}"
EndProject
Project("{2150E333-8FDC-42A3-9474-1A3956D46DE8}") = "Requests", "Requests", "{2BE7226E-EC5A-4C38-A1BD-96D96CEC82D9}"
EndProject
Project("{2150E333-8FDC-42A3-9474-1A3956D46DE8}") = "Results", "Results", "{367C3066-377D-4593-9A0D-CD9FDD9FA712}"
EndProject
Project("{FAE04EC0-301F-11D3-BF4B-00C04F79EFBC}") = "Nucleos.Infrastructure", "src\Nucleos.Infrastructure\Nucleos.Infrastructure.csproj", "{FD3606E0-A1AD-4891-B218-E384D76023EE}"
EndProject
Global
	GlobalSection(SolutionConfigurationPlatforms) = preSolution
		Debug|Any CPU = Debug|Any CPU
		Release|Any CPU = Release|Any CPU
	EndGlobalSection
	GlobalSection(ProjectConfigurationPlatforms) = postSolution
		{401ABF13-FF6A-4B09-A09B-F654A9A30E0A}.Debug|Any CPU.ActiveCfg = Debug|Any CPU
		{401ABF13-FF6A-4B09-A09B-F654A9A30E0A}.Debug|Any CPU.Build.0 = Debug|Any CPU
		{401ABF13-FF6A-4B09-A09B-F654A9A30E0A}.Release|Any CPU.ActiveCfg = Release|Any CPU
		{401ABF13-FF6A-4B09-A09B-F654A9A30E0A}.Release|Any CPU.Build.0 = Release|Any CPU
		{C0B6B4A9-298E-40DA-ACD6-611083769C56}.Debug|Any CPU.ActiveCfg = Debug|Any CPU
		{C0B6B4A9-298E-40DA-ACD6-611083769C56}.Debug|Any CPU.Build.0 = Debug|Any CPU
		{C0B6B4A9-298E-40DA-ACD6-611083769C56}.Release|Any CPU.ActiveCfg = Release|Any CPU
		{C0B6B4A9-298E-40DA-ACD6-611083769C56}.Release|Any CPU.Build.0 = Release|Any CPU
		{A859B094-06BB-4B09-85BD-3E19864A8FC1}.Debug|Any CPU.ActiveCfg = Debug|Any CPU
		{A859B094-06BB-4B09-85BD-3E19864A8FC1}.Debug|Any CPU.Build.0 = Debug|Any CPU
		{A859B094-06BB-4B09-85BD-3E19864A8FC1}.Release|Any CPU.ActiveCfg = Release|Any CPU
		{A859B094-06BB-4B09-85BD-3E19864A8FC1}.Release|Any CPU.Build.0 = Release|Any CPU
		{FD3606E0-A1AD-4891-B218-E384D76023EE}.Debug|Any CPU.ActiveCfg = Debug|Any CPU
		{FD3606E0-A1AD-4891-B218-E384D76023EE}.Debug|Any CPU.Build.0 = Debug|Any CPU
		{FD3606E0-A1AD-4891-B218-E384D76023EE}.Release|Any CPU.ActiveCfg = Release|Any CPU
		{FD3606E0-A1AD-4891-B218-E384D76023EE}.Release|Any CPU.Build.0 = Release|Any CPU
	EndGlobalSection
	GlobalSection(SolutionProperties) = preSolution
		HideSolutionNode = FALSE
	EndGlobalSection
	GlobalSection(NestedProjects) = preSolution
		{CEB62566-28CB-489F-8CE1-D1E8F45A6F51} = {4CC28421-713A-4F61-BD28-42C0A327083F}
		{C3AE97F2-4891-451A-AD11-46033EE9CA22} = {4CC28421-713A-4F61-BD28-42C0A327083F}
		{D48C694F-6143-4FD5-88FC-F371D356B21E} = {4CC28421-713A-4F61-BD28-42C0A327083F}
		{C5301304-F6AA-47FA-92AF-4F31EA349AEC} = {4CC28421-713A-4F61-BD28-42C0A327083F}
		{401ABF13-FF6A-4B09-A09B-F654A9A30E0A} = {D48C694F-6143-4FD5-88FC-F371D356B21E}
		{C0B6B4A9-298E-40DA-ACD6-611083769C56} = {CEB62566-28CB-489F-8CE1-D1E8F45A6F51}
		{A859B094-06BB-4B09-85BD-3E19864A8FC1} = {C3AE97F2-4891-451A-AD11-46033EE9CA22}
		{CA46AE80-F45A-4DB4-96EE-92140B2A9C42} = {C3AE97F2-4891-451A-AD11-46033EE9CA22}
		{48BAB519-C0EE-4EE3-B41E-87F07563DF3A} = {C3AE97F2-4891-451A-AD11-46033EE9CA22}
		{FFCF346F-BBA8-4EF0-A4B4-53F4C43CA81C} = {C3AE97F2-4891-451A-AD11-46033EE9CA22}
		{2BE7226E-EC5A-4C38-A1BD-96D96CEC82D9} = {C3AE97F2-4891-451A-AD11-46033EE9CA22}
		{367C3066-377D-4593-9A0D-CD9FDD9FA712} = {C3AE97F2-4891-451A-AD11-46033EE9CA22}
		{FD3606E0-A1AD-4891-B218-E384D76023EE} = {C5301304-F6AA-47FA-92AF-4F31EA349AEC}
	EndGlobalSection
	GlobalSection(ExtensibilityGlobals) = postSolution
		SolutionGuid = {01EBDB3A-3A66-4DA3-AD14-0B7BA560228E}
	EndGlobalSection
EndGlobal
